
Microsoft Visual Studio Solution File, Format Version 12.00
# Visual Studio 15
VisualStudioVersion = 15.0.28010.2003
MinimumVisualStudioVersion = 10.0.40219.1
Project("{FAE04EC0-301F-11D3-BF4B-00C04F79EFBC}") = "46p", "46p\46p.csproj", "{67EF1737-8F0D-472D-A690-8BAB1C9F6A9A}"
EndProject
Global
	GlobalSection(SolutionConfigurationPlatforms) = preSolution
		Debug|Any CPU = Debug|Any CPU
		Release|Any CPU = Release|Any CPU
	EndGlobalSection
	GlobalSection(ProjectConfigurationPlatforms) = postSolution
		{67EF1737-8F0D-472D-A690-8BAB1C9F6A9A}.Debug|Any CPU.ActiveCfg = Debug|Any CPU
		{67EF1737-8F0D-472D-A690-8BAB1C9F6A9A}.Debug|Any CPU.Build.0 = Debug|Any CPU
		{67EF1737-8F0D-472D-A690-8BAB1C9F6A9A}.Release|Any CPU.ActiveCfg = Release|Any CPU
		{67EF1737-8F0D-472D-A690-8BAB1C9F6A9A}.Release|Any CPU.Build.0 = Release|Any CPU
	EndGlobalSection
	GlobalSection(SolutionProperties) = preSolution
		HideSolutionNode = FALSE
	EndGlobalSection
	GlobalSection(ExtensibilityGlobals) = postSolution
		SolutionGuid = {1864F673-4CA6-4C57-9460-4195650C76A5}
	EndGlobalSection
EndGlobal
